{
  "name": "test",
  "lockfileVersion": 2,
  "requires": true,
  "packages": {
    "": {
      "dependencies": {
        "readline-sync": "^0.4.10"
      },
      "devDependencies": {
        "@types/node": "^18.13.0"
      }
    },
    "node_modules/@types/node": {
      "version": "18.13.0",
      "resolved": "https://registry.npmjs.org/@types/node/-/node-18.13.0.tgz",
      "integrity": "sha512-gC3TazRzGoOnoKAhUx+Q0t8S9Tzs74z7m0ipwGpSqQrleP14hKxP4/JUeEQcD3W1/aIpnWl8pHowI7WokuZpXg==",
      "dev": true
    },
    "node_modules/readline-sync": {
      "version": "0.4.10",
      "resolved": "https://registry.npmjs.org/readline-sync/-/readline-sync-0.4.10.tgz",
      "integrity": "sha512-q/RyXCZ+49a7octyBMENisHi11JVcnNORLDKEdKEzUnBBiszElOtdCY+wJKPCnwHuh/8+yfDoptGL7D79yUOLw==",
      "engines": {
        "node": ">= 0.8.0"
      }
    }
  },
  "dependencies": {
    "@types/node": {
      "version": "18.13.0",
      "resolved": "https://registry.npmjs.org/@types/node/-/node-18.13.0.tgz",
      "integrity": "sha512-gC3TazRzGoOnoKAhUx+Q0t8S9Tzs74z7m0ipwGpSqQrleP14hKxP4/JUeEQcD3W1/aIpnWl8pHowI7WokuZpXg==",
      "dev": true
    },
    "readline-sync": {
      "version": "0.4.10",
      "resolved": "https://registry.npmjs.org/readline-sync/-/readline-sync-0.4.10.tgz",
      "integrity": "sha512-q/RyXCZ+49a7octyBMENisHi11JVcnNORLDKEdKEzUnBBiszElOtdCY+wJKPCnwHuh/8+yfDoptGL7D79yUOLw=="
    }
  }
}
